
Microsoft Visual Studio Solution File, Format Version 12.00
# Visual Studio Version 17
VisualStudioVersion = 17.10.34916.146
MinimumVisualStudioVersion = 10.0.40219.1
Project("{9A19103F-16F7-4668-BE54-9A1E7A4F7556}") = "DelegatesDemo", "DelegatesDemo\DelegatesDemo.csproj", "{62541B7E-FA94-4772-9F49-B187152CA41E}"
EndProject
Project("{9A19103F-16F7-4668-BE54-9A1E7A4F7556}") = "DelegateChaining", "DelegateChaining\DelegateChaining.csproj", "{294B9D6C-8542-4D1D-ABEC-1C433DFCE57A}"
EndProject
Project("{9A19103F-16F7-4668-BE54-9A1E7A4F7556}") = "Reflextion", "Reflextion\Reflextion.csproj", "{C64688D5-C1BF-4422-B3D9-2FFEC1464604}"
EndProject
Project("{9A19103F-16F7-4668-BE54-9A1E7A4F7556}") = "CustomerLibary", "CustomerLibary\CustomerLibary.csproj", "{DB0DD253-4DBB-4A32-9A56-D6E9581332FF}"
EndProject
Project("{9A19103F-16F7-4668-BE54-9A1E7A4F7556}") = "Generics", "Generics\Generics.csproj", "{0F14AB8D-C79B-4A63-B90C-4493B592F23F}"
EndProject
Project("{9A19103F-16F7-4668-BE54-9A1E7A4F7556}") = "String Vs StringBuilder", "String Vs StringBuilder\String Vs StringBuilder.csproj", "{470AF353-FEBA-451F-9021-62318598AC2A}"
EndProject
Project("{9A19103F-16F7-4668-BE54-9A1E7A4F7556}") = "Anonymous Function", "Anonymous Function\Anonymous Function.csproj", "{1F94D987-8DA3-4706-B562-6D0F4A8EECE9}"
EndProject
Project("{9A19103F-16F7-4668-BE54-9A1E7A4F7556}") = "List.Sort", "List.Sort\List.Sort.csproj", "{B909C49C-A080-4B39-B828-58513A2C0B30}"
EndProject
Project("{9A19103F-16F7-4668-BE54-9A1E7A4F7556}") = "Dictionary", "Dictionary\Dictionary.csproj", "{B745D65A-B6DE-47B7-A875-A15B4C6DC03F}"
EndProject
Project("{9A19103F-16F7-4668-BE54-9A1E7A4F7556}") = "Extensions", "Extensions\Extensions.csproj", "{2A0DFB2C-9471-4947-B1DD-E2B39DAB6E31}"
EndProject
Project("{FAE04EC0-301F-11D3-BF4B-00C04F79EFBC}") = "AccessModifier", "AccessModifier\AccessModifier.csproj", "{BFD66A72-AD06-49B4-B6E8-BD8BD85A9368}"
EndProject
Global
	GlobalSection(SolutionConfigurationPlatforms) = preSolution
		Debug|Any CPU = Debug|Any CPU
		Release|Any CPU = Release|Any CPU
	EndGlobalSection
	GlobalSection(ProjectConfigurationPlatforms) = postSolution
		{62541B7E-FA94-4772-9F49-B187152CA41E}.Debug|Any CPU.ActiveCfg = Debug|Any CPU
		{62541B7E-FA94-4772-9F49-B187152CA41E}.Debug|Any CPU.Build.0 = Debug|Any CPU
		{62541B7E-FA94-4772-9F49-B187152CA41E}.Release|Any CPU.ActiveCfg = Release|Any CPU
		{62541B7E-FA94-4772-9F49-B187152CA41E}.Release|Any CPU.Build.0 = Release|Any CPU
		{294B9D6C-8542-4D1D-ABEC-1C433DFCE57A}.Debug|Any CPU.ActiveCfg = Debug|Any CPU
		{294B9D6C-8542-4D1D-ABEC-1C433DFCE57A}.Debug|Any CPU.Build.0 = Debug|Any CPU
		{294B9D6C-8542-4D1D-ABEC-1C433DFCE57A}.Release|Any CPU.ActiveCfg = Release|Any CPU
		{294B9D6C-8542-4D1D-ABEC-1C433DFCE57A}.Release|Any CPU.Build.0 = Release|Any CPU
		{C64688D5-C1BF-4422-B3D9-2FFEC1464604}.Debug|Any CPU.ActiveCfg = Debug|Any CPU
		{C64688D5-C1BF-4422-B3D9-2FFEC1464604}.Debug|Any CPU.Build.0 = Debug|Any CPU
		{C64688D5-C1BF-4422-B3D9-2FFEC1464604}.Release|Any CPU.ActiveCfg = Release|Any CPU
		{C64688D5-C1BF-4422-B3D9-2FFEC1464604}.Release|Any CPU.Build.0 = Release|Any CPU
		{DB0DD253-4DBB-4A32-9A56-D6E9581332FF}.Debug|Any CPU.ActiveCfg = Debug|Any CPU
		{DB0DD253-4DBB-4A32-9A56-D6E9581332FF}.Debug|Any CPU.Build.0 = Debug|Any CPU
		{DB0DD253-4DBB-4A32-9A56-D6E9581332FF}.Release|Any CPU.ActiveCfg = Release|Any CPU
		{DB0DD253-4DBB-4A32-9A56-D6E9581332FF}.Release|Any CPU.Build.0 = Release|Any CPU
		{0F14AB8D-C79B-4A63-B90C-4493B592F23F}.Debug|Any CPU.ActiveCfg = Debug|Any CPU
		{0F14AB8D-C79B-4A63-B90C-4493B592F23F}.Debug|Any CPU.Build.0 = Debug|Any CPU
		{0F14AB8D-C79B-4A63-B90C-4493B592F23F}.Release|Any CPU.ActiveCfg = Release|Any CPU
		{0F14AB8D-C79B-4A63-B90C-4493B592F23F}.Release|Any CPU.Build.0 = Release|Any CPU
		{470AF353-FEBA-451F-9021-62318598AC2A}.Debug|Any CPU.ActiveCfg = Debug|Any CPU
		{470AF353-FEBA-451F-9021-62318598AC2A}.Debug|Any CPU.Build.0 = Debug|Any CPU
		{470AF353-FEBA-451F-9021-62318598AC2A}.Release|Any CPU.ActiveCfg = Release|Any CPU
		{470AF353-FEBA-451F-9021-62318598AC2A}.Release|Any CPU.Build.0 = Release|Any CPU
		{1F94D987-8DA3-4706-B562-6D0F4A8EECE9}.Debug|Any CPU.ActiveCfg = Debug|Any CPU
		{1F94D987-8DA3-4706-B562-6D0F4A8EECE9}.Debug|Any CPU.Build.0 = Debug|Any CPU
		{1F94D987-8DA3-4706-B562-6D0F4A8EECE9}.Release|Any CPU.ActiveCfg = Release|Any CPU
		{1F94D987-8DA3-4706-B562-6D0F4A8EECE9}.Release|Any CPU.Build.0 = Release|Any CPU
		{B909C49C-A080-4B39-B828-58513A2C0B30}.Debug|Any CPU.ActiveCfg = Debug|Any CPU
		{B909C49C-A080-4B39-B828-58513A2C0B30}.Debug|Any CPU.Build.0 = Debug|Any CPU
		{B909C49C-A080-4B39-B828-58513A2C0B30}.Release|Any CPU.ActiveCfg = Release|Any CPU
		{B909C49C-A080-4B39-B828-58513A2C0B30}.Release|Any CPU.Build.0 = Release|Any CPU
		{B745D65A-B6DE-47B7-A875-A15B4C6DC03F}.Debug|Any CPU.ActiveCfg = Debug|Any CPU
		{B745D65A-B6DE-47B7-A875-A15B4C6DC03F}.Debug|Any CPU.Build.0 = Debug|Any CPU
		{B745D65A-B6DE-47B7-A875-A15B4C6DC03F}.Release|Any CPU.ActiveCfg = Release|Any CPU
		{B745D65A-B6DE-47B7-A875-A15B4C6DC03F}.Release|Any CPU.Build.0 = Release|Any CPU
		{2A0DFB2C-9471-4947-B1DD-E2B39DAB6E31}.Debug|Any CPU.ActiveCfg = Debug|Any CPU
		{2A0DFB2C-9471-4947-B1DD-E2B39DAB6E31}.Debug|Any CPU.Build.0 = Debug|Any CPU
		{2A0DFB2C-9471-4947-B1DD-E2B39DAB6E31}.Release|Any CPU.ActiveCfg = Release|Any CPU
		{2A0DFB2C-9471-4947-B1DD-E2B39DAB6E31}.Release|Any CPU.Build.0 = Release|Any CPU
		{BFD66A72-AD06-49B4-B6E8-BD8BD85A9368}.Debug|Any CPU.ActiveCfg = Debug|Any CPU
		{BFD66A72-AD06-49B4-B6E8-BD8BD85A9368}.Debug|Any CPU.Build.0 = Debug|Any CPU
		{BFD66A72-AD06-49B4-B6E8-BD8BD85A9368}.Release|Any CPU.ActiveCfg = Release|Any CPU
		{BFD66A72-AD06-49B4-B6E8-BD8BD85A9368}.Release|Any CPU.Build.0 = Release|Any CPU
	EndGlobalSection
	GlobalSection(SolutionProperties) = preSolution
		HideSolutionNode = FALSE
	EndGlobalSection
	GlobalSection(ExtensibilityGlobals) = postSolution
		SolutionGuid = {1FD08A4D-4697-4BB6-953C-EB9E9D7E8AD9}
	EndGlobalSection
EndGlobal
